
Microsoft Visual Studio Solution File, Format Version 12.00
# Visual Studio 2015
Project("{FAE04EC0-301F-11D3-BF4B-00C04F79EFBC}") = "RPG game", "RPG game.csproj", "{9F9D95C1-4A58-5174-3752-7D28572CA1DB}"
EndProject
Project("{FAE04EC0-301F-11D3-BF4B-00C04F79EFBC}") = "RPG game.Editor", "RPG game.Editor.csproj", "{8D67F79F-6659-81A6-414A-BD7D128DB65E}"
EndProject
Global
	GlobalSection(SolutionConfigurationPlatforms) = preSolution
		Debug|Any CPU = Debug|Any CPU
		Release|Any CPU = Release|Any CPU
	EndGlobalSection
	GlobalSection(ProjectConfigurationPlatforms) = postSolution
		{9F9D95C1-4A58-5174-3752-7D28572CA1DB}.Debug|Any CPU.ActiveCfg = Debug|Any CPU
		{9F9D95C1-4A58-5174-3752-7D28572CA1DB}.Debug|Any CPU.Build.0 = Debug|Any CPU
		{9F9D95C1-4A58-5174-3752-7D28572CA1DB}.Release|Any CPU.ActiveCfg = Release|Any CPU
		{9F9D95C1-4A58-5174-3752-7D28572CA1DB}.Release|Any CPU.Build.0 = Release|Any CPU
		{8D67F79F-6659-81A6-414A-BD7D128DB65E}.Debug|Any CPU.ActiveCfg = Debug|Any CPU
		{8D67F79F-6659-81A6-414A-BD7D128DB65E}.Debug|Any CPU.Build.0 = Debug|Any CPU
		{8D67F79F-6659-81A6-414A-BD7D128DB65E}.Release|Any CPU.ActiveCfg = Release|Any CPU
		{8D67F79F-6659-81A6-414A-BD7D128DB65E}.Release|Any CPU.Build.0 = Release|Any CPU
	EndGlobalSection
	GlobalSection(SolutionProperties) = preSolution
		HideSolutionNode = FALSE
	EndGlobalSection
EndGlobal
